
Microsoft Visual Studio Solution File, Format Version 12.00
# Visual Studio Version 17
VisualStudioVersion = 17.4.33213.308
MinimumVisualStudioVersion = 10.0.40219.1
Project("{FAE04EC0-301F-11D3-BF4B-00C04F79EFBC}") = "Inheritance", "Inheritance\Inheritance.csproj", "{9FDCCAE8-4131-4A5C-ABB6-5AB248E16A51}"
EndProject
Project("{FAE04EC0-301F-11D3-BF4B-00C04F79EFBC}") = "Interfaces", "Interfaces\Interfaces.csproj", "{311B2C50-C9C8-4D8A-876B-1985836654D5}"
EndProject
Global
	GlobalSection(SolutionConfigurationPlatforms) = preSolution
		Debug|Any CPU = Debug|Any CPU
		Release|Any CPU = Release|Any CPU
	EndGlobalSection
	GlobalSection(ProjectConfigurationPlatforms) = postSolution
		{9FDCCAE8-4131-4A5C-ABB6-5AB248E16A51}.Debug|Any CPU.ActiveCfg = Debug|Any CPU
		{9FDCCAE8-4131-4A5C-ABB6-5AB248E16A51}.Debug|Any CPU.Build.0 = Debug|Any CPU
		{9FDCCAE8-4131-4A5C-ABB6-5AB248E16A51}.Release|Any CPU.ActiveCfg = Release|Any CPU
		{9FDCCAE8-4131-4A5C-ABB6-5AB248E16A51}.Release|Any CPU.Build.0 = Release|Any CPU
		{311B2C50-C9C8-4D8A-876B-1985836654D5}.Debug|Any CPU.ActiveCfg = Debug|Any CPU
		{311B2C50-C9C8-4D8A-876B-1985836654D5}.Debug|Any CPU.Build.0 = Debug|Any CPU
		{311B2C50-C9C8-4D8A-876B-1985836654D5}.Release|Any CPU.ActiveCfg = Release|Any CPU
		{311B2C50-C9C8-4D8A-876B-1985836654D5}.Release|Any CPU.Build.0 = Release|Any CPU
	EndGlobalSection
	GlobalSection(SolutionProperties) = preSolution
		HideSolutionNode = FALSE
	EndGlobalSection
	GlobalSection(ExtensibilityGlobals) = postSolution
		SolutionGuid = {C6715B6C-6B87-432A-A0C9-0426F3660BCE}
	EndGlobalSection
EndGlobal
